
Microsoft Visual Studio Solution File, Format Version 12.00
# Visual Studio Version 16
VisualStudioVersion = 16.0.30717.126
MinimumVisualStudioVersion = 10.0.40219.1
Project("{FAE04EC0-301F-11D3-BF4B-00C04F79EFBC}") = "TheQueenTeam1_Lab4-3_Chieu7", "TheQueenTeam1_Lab4-3_Chieu7.csproj", "{DCFB9E6C-20D2-46E2-A7ED-A5B1709EE2A1}"
EndProject
Global
	GlobalSection(SolutionConfigurationPlatforms) = preSolution
		Debug|Any CPU = Debug|Any CPU
		Release|Any CPU = Release|Any CPU
	EndGlobalSection
	GlobalSection(ProjectConfigurationPlatforms) = postSolution
		{DCFB9E6C-20D2-46E2-A7ED-A5B1709EE2A1}.Debug|Any CPU.ActiveCfg = Debug|Any CPU
		{DCFB9E6C-20D2-46E2-A7ED-A5B1709EE2A1}.Debug|Any CPU.Build.0 = Debug|Any CPU
		{DCFB9E6C-20D2-46E2-A7ED-A5B1709EE2A1}.Release|Any CPU.ActiveCfg = Release|Any CPU
		{DCFB9E6C-20D2-46E2-A7ED-A5B1709EE2A1}.Release|Any CPU.Build.0 = Release|Any CPU
	EndGlobalSection
	GlobalSection(SolutionProperties) = preSolution
		HideSolutionNode = FALSE
	EndGlobalSection
	GlobalSection(ExtensibilityGlobals) = postSolution
		SolutionGuid = {8F4D5F2B-443F-4952-A7D6-07B08F3257E7}
	EndGlobalSection
EndGlobal
